<?xml version="1.0" encoding="utf-8"?>
<Project ToolsVersion="4.0" xmlns="http://schemas.microsoft.com/developer/msbuild/2003">
  <ItemGroup>
    <Filter Include="Source Files">
      <UniqueIdentifier>{4FC737F1-C7A5-4376-A066-2A32D752A2FF}</UniqueIdentifier>
      <Extensions>cpp;c;cc;cxx;def;odl;idl;hpj;bat;asm;asmx</Extensions>
    </Filter>
    <Filter Include="Header Files">
      <UniqueIdentifier>{93995380-89BD-4b04-88EB-625FBE52EBFB}</UniqueIdentifier>
      <Extensions>h;hh;hpp;hxx;hm;inl;inc;ipp;xsd</Extensions>
    </Filter>
    <Filter Include="Resource Files">
      <UniqueIdentifier>{67DA6AB6-F800-4c08-8B7A-83BB121AAD01}</UniqueIdentifier>
      <Extensions>rc;ico;cur;bmp;dlg;rc2;rct;bin;rgs;gif;jpg;jpeg;jpe;resx;tiff;tif;png;wav;mfcribbon-ms</Extensions>
    </Filter>
    <Filter Include="Header Files\LuaEngine">
      <UniqueIdentifier>{1469f7ee-c340-40d6-a04f-ae37637054cf}</UniqueIdentifier>
    </Filter>
    <Filter Include="Header Files\BearEngine">
      <UniqueIdentifier>{cba78bd8-90b2-46c9-ab71-e98f6979e76f}</UniqueIdentifier>
    </Filter>
  </ItemGroup>
  <ItemGroup>
    <ClCompile Include="BearEngine.cpp">
      <Filter>Source Files</Filter>
    </ClCompile>
    <ClCompile Include="LuaEngine\lgc.c">
      <Filter>Header Files\LuaEngine</Filter>
    </ClCompile>
    <ClCompile Include="LuaEngine\linit.c">
      <Filter>Header Files\LuaEngine</Filter>
    </ClCompile>
    <ClCompile Include="LuaEngine\liolib.c">
      <Filter>Header Files\LuaEngine</Filter>
    </ClCompile>
    <ClCompile Include="LuaEngine\llex.c">
      <Filter>Header Files\LuaEngine</Filter>
    </ClCompile>
    <ClCompile Include="LuaEngine\lmathlib.c">
      <Filter>Header Files\LuaEngine</Filter>
    </ClCompile>
    <ClCompile Include="LuaEngine\lmem.c">
      <Filter>Header Files\LuaEngine</Filter>
    </ClCompile>
    <ClCompile Include="LuaEngine\loadlib.c">
      <Filter>Header Files\LuaEngine</Filter>
    </ClCompile>
    <ClCompile Include="LuaEngine\lobject.c">
      <Filter>Header Files\LuaEngine</Filter>
    </ClCompile>
    <ClCompile Include="LuaEngine\lopcodes.c">
      <Filter>Header Files\LuaEngine</Filter>
    </ClCompile>
    <ClCompile Include="LuaEngine\loslib.c">
      <Filter>Header Files\LuaEngine</Filter>
    </ClCompile>
    <ClCompile Include="LuaEngine\lparser.c">
      <Filter>Header Files\LuaEngine</Filter>
    </ClCompile>
    <ClCompile Include="LuaEngine\lstate.c">
      <Filter>Header Files\LuaEngine</Filter>
    </ClCompile>
    <ClCompile Include="LuaEngine\lstring.c">
      <Filter>Header Files\LuaEngine</Filter>
    </ClCompile>
    <ClCompile Include="LuaEngine\lstrlib.c">
      <Filter>Header Files\LuaEngine</Filter>
    </ClCompile>
    <ClCompile Include="LuaEngine\ltable.c">
      <Filter>Header Files\LuaEngine</Filter>
    </ClCompile>
    <ClCompile Include="LuaEngine\ltablib.c">
      <Filter>Header Files\LuaEngine</Filter>
    </ClCompile>
    <ClCompile Include="LuaEngine\ltm.c">
      <Filter>Header Files\LuaEngine</Filter>
    </ClCompile>
    <ClCompile Include="LuaEngine\lua.c">
      <Filter>Header Files\LuaEngine</Filter>
    </ClCompile>
    <ClCompile Include="LuaEngine\luac.c">
      <Filter>Header Files\LuaEngine</Filter>
    </ClCompile>
    <ClCompile Include="LuaEngine\lundump.c">
      <Filter>Header Files\LuaEngine</Filter>
    </ClCompile>
    <ClCompile Include="LuaEngine\lvm.c">
      <Filter>Header Files\LuaEngine</Filter>
    </ClCompile>
    <ClCompile Include="LuaEngine\lzio.c">
      <Filter>Header Files\LuaEngine</Filter>
    </ClCompile>
    <ClCompile Include="LuaEngine\lapi.c">
      <Filter>Header Files\LuaEngine</Filter>
    </ClCompile>
    <ClCompile Include="LuaEngine\lauxlib.c">
      <Filter>Header Files\LuaEngine</Filter>
    </ClCompile>
    <ClCompile Include="LuaEngine\lbaselib.c">
      <Filter>Header Files\LuaEngine</Filter>
    </ClCompile>
    <ClCompile Include="LuaEngine\lbitlib.c">
      <Filter>Header Files\LuaEngine</Filter>
    </ClCompile>
    <ClCompile Include="LuaEngine\lcode.c">
      <Filter>Header Files\LuaEngine</Filter>
    </ClCompile>
    <ClCompile Include="LuaEngine\lcorolib.c">
      <Filter>Header Files\LuaEngine</Filter>
    </ClCompile>
    <ClCompile Include="LuaEngine\lctype.c">
      <Filter>Header Files\LuaEngine</Filter>
    </ClCompile>
    <ClCompile Include="LuaEngine\ldblib.c">
      <Filter>Header Files\LuaEngine</Filter>
    </ClCompile>
    <ClCompile Include="LuaEngine\ldebug.c">
      <Filter>Header Files\LuaEngine</Filter>
    </ClCompile>
    <ClCompile Include="LuaEngine\ldo.c">
      <Filter>Header Files\LuaEngine</Filter>
    </ClCompile>
    <ClCompile Include="LuaEngine\ldump.c">
      <Filter>Header Files\LuaEngine</Filter>
    </ClCompile>
    <ClCompile Include="LuaEngine\lfunc.c">
      <Filter>Header Files\LuaEngine</Filter>
    </ClCompile>
  </ItemGroup>
  <ItemGroup>
    <ClInclude Include="stdafx.h">
      <Filter>Header Files</Filter>
    </ClInclude>
    <ClInclude Include="LuaEngine\lfunc.h">
      <Filter>Header Files\LuaEngine</Filter>
    </ClInclude>
    <ClInclude Include="LuaEngine\lgc.h">
      <Filter>Header Files\LuaEngine</Filter>
    </ClInclude>
    <ClInclude Include="LuaEngine\llex.h">
      <Filter>Header Files\LuaEngine</Filter>
    </ClInclude>
    <ClInclude Include="LuaEngine\llimits.h">
      <Filter>Header Files\LuaEngine</Filter>
    </ClInclude>
    <ClInclude Include="LuaEngine\lmem.h">
      <Filter>Header Files\LuaEngine</Filter>
    </ClInclude>
    <ClInclude Include="LuaEngine\lobject.h">
      <Filter>Header Files\LuaEngine</Filter>
    </ClInclude>
    <ClInclude Include="LuaEngine\lopcodes.h">
      <Filter>Header Files\LuaEngine</Filter>
    </ClInclude>
    <ClInclude Include="LuaEngine\lparser.h">
      <Filter>Header Files\LuaEngine</Filter>
    </ClInclude>
    <ClInclude Include="LuaEngine\lstate.h">
      <Filter>Header Files\LuaEngine</Filter>
    </ClInclude>
    <ClInclude Include="LuaEngine\lstring.h">
      <Filter>Header Files\LuaEngine</Filter>
    </ClInclude>
    <ClInclude Include="LuaEngine\ltable.h">
      <Filter>Header Files\LuaEngine</Filter>
    </ClInclude>
    <ClInclude Include="LuaEngine\ltm.h">
      <Filter>Header Files\LuaEngine</Filter>
    </ClInclude>
    <ClInclude Include="LuaEngine\lua.h">
      <Filter>Header Files\LuaEngine</Filter>
    </ClInclude>
    <ClInclude Include="LuaEngine\lua.hpp">
      <Filter>Header Files\LuaEngine</Filter>
    </ClInclude>
    <ClInclude Include="LuaEngine\luaconf.h">
      <Filter>Header Files\LuaEngine</Filter>
    </ClInclude>
    <ClInclude Include="LuaEngine\lualib.h">
      <Filter>Header Files\LuaEngine</Filter>
    </ClInclude>
    <ClInclude Include="LuaEngine\lundump.h">
      <Filter>Header Files\LuaEngine</Filter>
    </ClInclude>
    <ClInclude Include="LuaEngine\lvm.h">
      <Filter>Header Files\LuaEngine</Filter>
    </ClInclude>
    <ClInclude Include="LuaEngine\lzio.h">
      <Filter>Header Files\LuaEngine</Filter>
    </ClInclude>
    <ClInclude Include="LuaEngine\lapi.h">
      <Filter>Header Files\LuaEngine</Filter>
    </ClInclude>
    <ClInclude Include="LuaEngine\lauxlib.h">
      <Filter>Header Files\LuaEngine</Filter>
    </ClInclude>
    <ClInclude Include="LuaEngine\lcode.h">
      <Filter>Header Files\LuaEngine</Filter>
    </ClInclude>
    <ClInclude Include="LuaEngine\lctype.h">
      <Filter>Header Files\LuaEngine</Filter>
    </ClInclude>
    <ClInclude Include="LuaEngine\ldebug.h">
      <Filter>Header Files\LuaEngine</Filter>
    </ClInclude>
    <ClInclude Include="LuaEngine\ldo.h">
      <Filter>Header Files\LuaEngine</Filter>
    </ClInclude>
    <ClInclude Include="lua_helpers.h">
      <Filter>Header Files\LuaEngine</Filter>
    </ClInclude>
    <ClInclude Include="Bear.h">
      <Filter>Header Files\BearEngine</Filter>
    </ClInclude>
  </ItemGroup>
</Project>